// !$*UTF8*$!
{
	archiveVersion = 1;
	classes = {
	};
	objectVersion = 55;
	objects = {

/* Begin PBXBuildFile section */
		6B143A022953AE2E003E67E2 /* MovableInk in Frameworks */ = {isa = PBXBuildFile; productRef = 6B143A012953AE2E003E67E2 /* MovableInk */; };
		6BE600CA291EA8930046C24D /* Deeplink.swift in Sources */ = {isa = PBXBuildFile; fileRef = 6BE600C9291EA8930046C24D /* Deeplink.swift */; };
		8F3497C428E5FBBD0034190D /* CategoriesView.swift in Sources */ = {isa = PBXBuildFile; fileRef = 8F3497C328E5FBBD0034190D /* CategoriesView.swift */; };
		8F372D1228AC600B0019E492 /* ProductsView.swift in Sources */ = {isa = PBXBuildFile; fileRef = 8F372D1128AC600B0019E492 /* ProductsView.swift */; };
		8F372D1528AC60690019E492 /* CartView.swift in Sources */ = {isa = PBXBuildFile; fileRef = 8F372D1428AC60690019E492 /* CartView.swift */; };
		8F372D1828B055C80019E492 /* ProductView.swift in Sources */ = {isa = PBXBuildFile; fileRef = 8F372D1728B055C80019E492 /* ProductView.swift */; };
		8F41D49628987C4D00F095AA /* Inkredible_RetailApp.swift in Sources */ = {isa = PBXBuildFile; fileRef = 8F41D48628987C4A00F095AA /* Inkredible_RetailApp.swift */; };
		8F41D49828987C4D00F095AA /* ContentView.swift in Sources */ = {isa = PBXBuildFile; fileRef = 8F41D48728987C4A00F095AA /* ContentView.swift */; };
		8F41D49A28987C4D00F095AA /* Assets.xcassets in Resources */ = {isa = PBXBuildFile; fileRef = 8F41D48828987C4D00F095AA /* Assets.xcassets */; };
		8F41D4A528987ED200F095AA /* Product.swift in Sources */ = {isa = PBXBuildFile; fileRef = 8F41D4A428987ED200F095AA /* Product.swift */; };
		8F7F526928CB96D500C7F0D4 /* ArrayExt.swift in Sources */ = {isa = PBXBuildFile; fileRef = 8F7F526828CB96D100C7F0D4 /* ArrayExt.swift */; };
		8F7F526C28CB970D00C7F0D4 /* ProductNumber.swift in Sources */ = {isa = PBXBuildFile; fileRef = 8F7F526B28CB970D00C7F0D4 /* ProductNumber.swift */; };
		8F7F526F28CB9D5E00C7F0D4 /* priceFromCart.swift in Sources */ = {isa = PBXBuildFile; fileRef = 8F7F526E28CB9D5E00C7F0D4 /* priceFromCart.swift */; };
/* End PBXBuildFile section */

/* Begin PBXCopyFilesBuildPhase section */
		6B4DFCF92951080200294305 /* Embed Frameworks */ = {
			isa = PBXCopyFilesBuildPhase;
			buildActionMask = 2147483647;
			dstPath = "";
			dstSubfolderSpec = 10;
			files = (
			);
			name = "Embed Frameworks";
			runOnlyForDeploymentPostprocessing = 0;
		};
/* End PBXCopyFilesBuildPhase section */

/* Begin PBXFileReference section */
		6BE600C9291EA8930046C24D /* Deeplink.swift */ = {isa = PBXFileReference; lastKnownFileType = sourcecode.swift; path = Deeplink.swift; sourceTree = "<group>"; };
		6BE80C2028F4AC91005F0A6A /* Inkredible Retail (iOS).entitlements */ = {isa = PBXFileReference; lastKnownFileType = text.plist.entitlements; path = "Inkredible Retail (iOS).entitlements"; sourceTree = "<group>"; };
		8F3497C328E5FBBD0034190D /* CategoriesView.swift */ = {isa = PBXFileReference; lastKnownFileType = sourcecode.swift; path = CategoriesView.swift; sourceTree = "<group>"; };
		8F372D1128AC600B0019E492 /* ProductsView.swift */ = {isa = PBXFileReference; lastKnownFileType = sourcecode.swift; path = ProductsView.swift; sourceTree = "<group>"; };
		8F372D1428AC60690019E492 /* CartView.swift */ = {isa = PBXFileReference; lastKnownFileType = sourcecode.swift; path = CartView.swift; sourceTree = "<group>"; };
		8F372D1728B055C80019E492 /* ProductView.swift */ = {isa = PBXFileReference; lastKnownFileType = sourcecode.swift; path = ProductView.swift; sourceTree = "<group>"; };
		8F41D48628987C4A00F095AA /* Inkredible_RetailApp.swift */ = {isa = PBXFileReference; lastKnownFileType = sourcecode.swift; path = Inkredible_RetailApp.swift; sourceTree = "<group>"; };
		8F41D48728987C4A00F095AA /* ContentView.swift */ = {isa = PBXFileReference; lastKnownFileType = sourcecode.swift; path = ContentView.swift; sourceTree = "<group>"; };
		8F41D48828987C4D00F095AA /* Assets.xcassets */ = {isa = PBXFileReference; lastKnownFileType = folder.assetcatalog; path = Assets.xcassets; sourceTree = "<group>"; };
		8F41D48D28987C4D00F095AA /* Inkredible Retail.app */ = {isa = PBXFileReference; explicitFileType = wrapper.application; includeInIndex = 0; path = "Inkredible Retail.app"; sourceTree = BUILT_PRODUCTS_DIR; };
		8F41D4A428987ED200F095AA /* Product.swift */ = {isa = PBXFileReference; lastKnownFileType = sourcecode.swift; path = Product.swift; sourceTree = "<group>"; };
		8F7F526728CA8BD500C7F0D4 /* Inkredible-Retail--iOS--Info.plist */ = {isa = PBXFileReference; lastKnownFileType = text.plist; path = "Inkredible-Retail--iOS--Info.plist"; sourceTree = "<group>"; };
		8F7F526828CB96D100C7F0D4 /* ArrayExt.swift */ = {isa = PBXFileReference; lastKnownFileType = sourcecode.swift; path = ArrayExt.swift; sourceTree = "<group>"; };
		8F7F526B28CB970D00C7F0D4 /* ProductNumber.swift */ = {isa = PBXFileReference; lastKnownFileType = sourcecode.swift; path = ProductNumber.swift; sourceTree = "<group>"; };
		8F7F526E28CB9D5E00C7F0D4 /* priceFromCart.swift */ = {isa = PBXFileReference; lastKnownFileType = sourcecode.swift; path = priceFromCart.swift; sourceTree = "<group>"; };
		8F7F527128CBBA7000C7F0D4 /* Inkredible Retail (iOS)Debug.entitlements */ = {isa = PBXFileReference; lastKnownFileType = text.plist.entitlements; path = "Inkredible Retail (iOS)Debug.entitlements"; sourceTree = "<group>"; };
/* End PBXFileReference section */

/* Begin PBXFrameworksBuildPhase section */
		8F41D48A28987C4D00F095AA /* Frameworks */ = {
			isa = PBXFrameworksBuildPhase;
			buildActionMask = 2147483647;
			files = (
				6B143A022953AE2E003E67E2 /* MovableInk in Frameworks */,
			);
			runOnlyForDeploymentPostprocessing = 0;
		};
/* End PBXFrameworksBuildPhase section */

/* Begin PBXGroup section */
		8F41D48028987C4900F095AA = {
			isa = PBXGroup;
			children = (
				6BE80C2028F4AC91005F0A6A /* Inkredible Retail (iOS).entitlements */,
				8F7F527128CBBA7000C7F0D4 /* Inkredible Retail (iOS)Debug.entitlements */,
				8F7F526728CA8BD500C7F0D4 /* Inkredible-Retail--iOS--Info.plist */,
				8F41D48528987C4A00F095AA /* Shared */,
				8F41D48E28987C4D00F095AA /* Products */,
			);
			sourceTree = "<group>";
		};
		8F41D48528987C4A00F095AA /* Shared */ = {
			isa = PBXGroup;
			children = (
				8F41D48628987C4A00F095AA /* Inkredible_RetailApp.swift */,
				8F41D48728987C4A00F095AA /* ContentView.swift */,
				8F41D48828987C4D00F095AA /* Assets.xcassets */,
				8F7F526828CB96D100C7F0D4 /* ArrayExt.swift */,
				8F41D4A428987ED200F095AA /* Product.swift */,
				8F372D1128AC600B0019E492 /* ProductsView.swift */,
				8F372D1428AC60690019E492 /* CartView.swift */,
				8F372D1728B055C80019E492 /* ProductView.swift */,
				8F7F526B28CB970D00C7F0D4 /* ProductNumber.swift */,
				8F7F526E28CB9D5E00C7F0D4 /* priceFromCart.swift */,
				8F3497C328E5FBBD0034190D /* CategoriesView.swift */,
				6BE600C9291EA8930046C24D /* Deeplink.swift */,
			);
			path = Shared;
			sourceTree = "<group>";
		};
		8F41D48E28987C4D00F095AA /* Products */ = {
			isa = PBXGroup;
			children = (
				8F41D48D28987C4D00F095AA /* Inkredible Retail.app */,
			);
			name = Products;
			sourceTree = "<group>";
		};
/* End PBXGroup section */

/* Begin PBXNativeTarget section */
		8F41D48C28987C4D00F095AA /* Inkredible Retail (iOS) */ = {
			isa = PBXNativeTarget;
			buildConfigurationList = 8F41D49E28987C4D00F095AA /* Build configuration list for PBXNativeTarget "Inkredible Retail (iOS)" */;
			buildPhases = (
				8F41D48928987C4D00F095AA /* Sources */,
				8F41D48A28987C4D00F095AA /* Frameworks */,
				8F41D48B28987C4D00F095AA /* Resources */,
				6B4DFCF92951080200294305 /* Embed Frameworks */,
			);
			buildRules = (
			);
			dependencies = (
			);
			name = "Inkredible Retail (iOS)";
			packageProductDependencies = (
				6B143A012953AE2E003E67E2 /* MovableInk */,
			);
			productName = "Inkredible Retail (iOS)";
			productReference = 8F41D48D28987C4D00F095AA /* Inkredible Retail.app */;
			productType = "com.apple.product-type.application";
		};
/* End PBXNativeTarget section */

/* Begin PBXProject section */
		8F41D48128987C4900F095AA /* Project object */ = {
			isa = PBXProject;
			attributes = {
				BuildIndependentTargetsInParallel = 1;
				LastSwiftUpdateCheck = 1340;
				LastUpgradeCheck = 1410;
				TargetAttributes = {
					8F41D48C28987C4D00F095AA = {
						CreatedOnToolsVersion = 13.4.1;
					};
				};
			};
			buildConfigurationList = 8F41D48428987C4900F095AA /* Build configuration list for PBXProject "Inkredible Retail" */;
			compatibilityVersion = "Xcode 13.0";
			developmentRegion = en;
			hasScannedForEncodings = 0;
			knownRegions = (
				en,
				Base,
			);
			mainGroup = 8F41D48028987C4900F095AA;
			packageReferences = (
				6B143A002953AE2E003E67E2 /* XCRemoteSwiftPackageReference "ios-sdk" */,
			);
			productRefGroup = 8F41D48E28987C4D00F095AA /* Products */;
			projectDirPath = "";
			projectRoot = "";
			targets = (
				8F41D48C28987C4D00F095AA /* Inkredible Retail (iOS) */,
			);
		};
/* End PBXProject section */

/* Begin PBXResourcesBuildPhase section */
		8F41D48B28987C4D00F095AA /* Resources */ = {
			isa = PBXResourcesBuildPhase;
			buildActionMask = 2147483647;
			files = (
				8F41D49A28987C4D00F095AA /* Assets.xcassets in Resources */,
			);
			runOnlyForDeploymentPostprocessing = 0;
		};
/* End PBXResourcesBuildPhase section */

/* Begin PBXSourcesBuildPhase section */
		8F41D48928987C4D00F095AA /* Sources */ = {
			isa = PBXSourcesBuildPhase;
			buildActionMask = 2147483647;
			files = (
				8F7F526C28CB970D00C7F0D4 /* ProductNumber.swift in Sources */,
				8F372D1528AC60690019E492 /* CartView.swift in Sources */,
				8F372D1228AC600B0019E492 /* ProductsView.swift in Sources */,
				8F41D49828987C4D00F095AA /* ContentView.swift in Sources */,
				8F7F526F28CB9D5E00C7F0D4 /* priceFromCart.swift in Sources */,
				8F41D49628987C4D00F095AA /* Inkredible_RetailApp.swift in Sources */,
				8F372D1828B055C80019E492 /* ProductView.swift in Sources */,
				8F7F526928CB96D500C7F0D4 /* ArrayExt.swift in Sources */,
				8F3497C428E5FBBD0034190D /* CategoriesView.swift in Sources */,
				6BE600CA291EA8930046C24D /* Deeplink.swift in Sources */,
				8F41D4A528987ED200F095AA /* Product.swift in Sources */,
			);
			runOnlyForDeploymentPostprocessing = 0;
		};
/* End PBXSourcesBuildPhase section */

/* Begin XCBuildConfiguration section */
		8F41D49C28987C4D00F095AA /* Debug */ = {
			isa = XCBuildConfiguration;
			buildSettings = {
				ALWAYS_SEARCH_USER_PATHS = NO;
				CLANG_ANALYZER_NONNULL = YES;
				CLANG_ANALYZER_NUMBER_OBJECT_CONVERSION = YES_AGGRESSIVE;
				CLANG_CXX_LANGUAGE_STANDARD = "gnu++17";
				CLANG_ENABLE_MODULES = YES;
				CLANG_ENABLE_OBJC_ARC = YES;
				CLANG_ENABLE_OBJC_WEAK = YES;
				CLANG_WARN_BLOCK_CAPTURE_AUTORELEASING = YES;
				CLANG_WARN_BOOL_CONVERSION = YES;
				CLANG_WARN_COMMA = YES;
				CLANG_WARN_CONSTANT_CONVERSION = YES;
				CLANG_WARN_DEPRECATED_OBJC_IMPLEMENTATIONS = YES;
				CLANG_WARN_DIRECT_OBJC_ISA_USAGE = YES_ERROR;
				CLANG_WARN_DOCUMENTATION_COMMENTS = YES;
				CLANG_WARN_EMPTY_BODY = YES;
				CLANG_WARN_ENUM_CONVERSION = YES;
				CLANG_WARN_INFINITE_RECURSION = YES;
				CLANG_WARN_INT_CONVERSION = YES;
				CLANG_WARN_NON_LITERAL_NULL_CONVERSION = YES;
				CLANG_WARN_OBJC_IMPLICIT_RETAIN_SELF = YES;
				CLANG_WARN_OBJC_LITERAL_CONVERSION = YES;
				CLANG_WARN_OBJC_ROOT_CLASS = YES_ERROR;
				CLANG_WARN_QUOTED_INCLUDE_IN_FRAMEWORK_HEADER = YES;
				CLANG_WARN_RANGE_LOOP_ANALYSIS = YES;
				CLANG_WARN_STRICT_PROTOTYPES = YES;
				CLANG_WARN_SUSPICIOUS_MOVE = YES;
				CLANG_WARN_UNGUARDED_AVAILABILITY = YES_AGGRESSIVE;
				CLANG_WARN_UNREACHABLE_CODE = YES;
				CLANG_WARN__DUPLICATE_METHOD_MATCH = YES;
				COPY_PHASE_STRIP = NO;
				DEAD_CODE_STRIPPING = YES;
				DEBUG_INFORMATION_FORMAT = dwarf;
				ENABLE_STRICT_OBJC_MSGSEND = YES;
				ENABLE_TESTABILITY = YES;
				GCC_C_LANGUAGE_STANDARD = gnu11;
				GCC_DYNAMIC_NO_PIC = NO;
				GCC_NO_COMMON_BLOCKS = YES;
				GCC_OPTIMIZATION_LEVEL = 0;
				GCC_PREPROCESSOR_DEFINITIONS = (
					"DEBUG=1",
					"$(inherited)",
				);
				GCC_WARN_64_TO_32_BIT_CONVERSION = YES;
				GCC_WARN_ABOUT_RETURN_TYPE = YES_ERROR;
				GCC_WARN_UNDECLARED_SELECTOR = YES;
				GCC_WARN_UNINITIALIZED_AUTOS = YES_AGGRESSIVE;
				GCC_WARN_UNUSED_FUNCTION = YES;
				GCC_WARN_UNUSED_VARIABLE = YES;
				MTL_ENABLE_DEBUG_INFO = INCLUDE_SOURCE;
				MTL_FAST_MATH = YES;
				ONLY_ACTIVE_ARCH = YES;
				SWIFT_ACTIVE_COMPILATION_CONDITIONS = DEBUG;
				SWIFT_OPTIMIZATION_LEVEL = "-Onone";
			};
			name = Debug;
		};
		8F41D49D28987C4D00F095AA /* Release */ = {
			isa = XCBuildConfiguration;
			buildSettings = {
				ALWAYS_SEARCH_USER_PATHS = NO;
				CLANG_ANALYZER_NONNULL = YES;
				CLANG_ANALYZER_NUMBER_OBJECT_CONVERSION = YES_AGGRESSIVE;
				CLANG_CXX_LANGUAGE_STANDARD = "gnu++17";
				CLANG_ENABLE_MODULES = YES;
				CLANG_ENABLE_OBJC_ARC = YES;
				CLANG_ENABLE_OBJC_WEAK = YES;
				CLANG_WARN_BLOCK_CAPTURE_AUTORELEASING = YES;
				CLANG_WARN_BOOL_CONVERSION = YES;
				CLANG_WARN_COMMA = YES;
				CLANG_WARN_CONSTANT_CONVERSION = YES;
				CLANG_WARN_DEPRECATED_OBJC_IMPLEMENTATIONS = YES;
				CLANG_WARN_DIRECT_OBJC_ISA_USAGE = YES_ERROR;
				CLANG_WARN_DOCUMENTATION_COMMENTS = YES;
				CLANG_WARN_EMPTY_BODY = YES;
				CLANG_WARN_ENUM_CONVERSION = YES;
				CLANG_WARN_INFINITE_RECURSION = YES;
				CLANG_WARN_INT_CONVERSION = YES;
				CLANG_WARN_NON_LITERAL_NULL_CONVERSION = YES;
				CLANG_WARN_OBJC_IMPLICIT_RETAIN_SELF = YES;
				CLANG_WARN_OBJC_LITERAL_CONVERSION = YES;
				CLANG_WARN_OBJC_ROOT_CLASS = YES_ERROR;
				CLANG_WARN_QUOTED_INCLUDE_IN_FRAMEWORK_HEADER = YES;
				CLANG_WARN_RANGE_LOOP_ANALYSIS = YES;
				CLANG_WARN_STRICT_PROTOTYPES = YES;
				CLANG_WARN_SUSPICIOUS_MOVE = YES;
				CLANG_WARN_UNGUARDED_AVAILABILITY = YES_AGGRESSIVE;
				CLANG_WARN_UNREACHABLE_CODE = YES;
				CLANG_WARN__DUPLICATE_METHOD_MATCH = YES;
				COPY_PHASE_STRIP = NO;
				DEAD_CODE_STRIPPING = YES;
				DEBUG_INFORMATION_FORMAT = "dwarf-with-dsym";
				ENABLE_NS_ASSERTIONS = NO;
				ENABLE_STRICT_OBJC_MSGSEND = YES;
				GCC_C_LANGUAGE_STANDARD = gnu11;
				GCC_NO_COMMON_BLOCKS = YES;
				GCC_WARN_64_TO_32_BIT_CONVERSION = YES;
				GCC_WARN_ABOUT_RETURN_TYPE = YES_ERROR;
				GCC_WARN_UNDECLARED_SELECTOR = YES;
				GCC_WARN_UNINITIALIZED_AUTOS = YES_AGGRESSIVE;
				GCC_WARN_UNUSED_FUNCTION = YES;
				GCC_WARN_UNUSED_VARIABLE = YES;
				MTL_ENABLE_DEBUG_INFO = NO;
				MTL_FAST_MATH = YES;
				SWIFT_COMPILATION_MODE = wholemodule;
				SWIFT_OPTIMIZATION_LEVEL = "-O";
			};
			name = Release;
		};
		8F41D49F28987C4D00F095AA /* Debug */ = {
			isa = XCBuildConfiguration;
			buildSettings = {
				ASSETCATALOG_COMPILER_APPICON_NAME = AppIcon;
				ASSETCATALOG_COMPILER_GLOBAL_ACCENT_COLOR_NAME = AccentColor;
				ASSETCATALOG_COMPILER_INCLUDE_ALL_APPICON_ASSETS = NO;
				CODE_SIGN_ENTITLEMENTS = "Inkredible Retail (iOS)Debug.entitlements";
				CODE_SIGN_IDENTITY = "Apple Development";
				CODE_SIGN_STYLE = Automatic;
				CURRENT_PROJECT_VERSION = 1;
				DEVELOPMENT_TEAM = K2729JKG8V;
				ENABLE_PREVIEWS = YES;
				GENERATE_INFOPLIST_FILE = YES;
				INFOPLIST_FILE = "Inkredible-Retail--iOS--Info.plist";
				INFOPLIST_KEY_UIApplicationSceneManifest_Generation = YES;
				INFOPLIST_KEY_UIApplicationSupportsIndirectInputEvents = YES;
				INFOPLIST_KEY_UILaunchScreen_Generation = YES;
				INFOPLIST_KEY_UISupportedInterfaceOrientations = UIInterfaceOrientationPortrait;
				INFOPLIST_KEY_UISupportedInterfaceOrientations_iPad = "UIInterfaceOrientationLandscapeLeft UIInterfaceOrientationLandscapeRight UIInterfaceOrientationPortrait UIInterfaceOrientationPortraitUpsideDown";
				IPHONEOS_DEPLOYMENT_TARGET = 16;
				LD_RUNPATH_SEARCH_PATHS = (
					"$(inherited)",
					"@executable_path/Frameworks",
				);
				MARKETING_VERSION = 1.0.0;
				PRODUCT_BUNDLE_IDENTIFIER = "com.movableink.Inkredible-Retail-SwiftUI";
				PRODUCT_NAME = "Inkredible Retail";
				PROVISIONING_PROFILE_SPECIFIER = "";
				SDKROOT = iphoneos;
				SWIFT_EMIT_LOC_STRINGS = YES;
				SWIFT_VERSION = 5.0;
				TARGETED_DEVICE_FAMILY = "1,2";
			};
			name = Debug;
		};
		8F41D4A028987C4D00F095AA /* Release */ = {
			isa = XCBuildConfiguration;
			buildSettings = {
				ASSETCATALOG_COMPILER_APPICON_NAME = AppIcon;
				ASSETCATALOG_COMPILER_GLOBAL_ACCENT_COLOR_NAME = AccentColor;
				ASSETCATALOG_COMPILER_INCLUDE_ALL_APPICON_ASSETS = NO;
				CODE_SIGN_ENTITLEMENTS = "Inkredible Retail (iOS).entitlements";
				CODE_SIGN_IDENTITY = "Apple Development";
				CODE_SIGN_STYLE = Automatic;
				CURRENT_PROJECT_VERSION = 1;
				DEVELOPMENT_TEAM = K2729JKG8V;
				ENABLE_PREVIEWS = YES;
				GENERATE_INFOPLIST_FILE = YES;
				INFOPLIST_FILE = "Inkredible-Retail--iOS--Info.plist";
				INFOPLIST_KEY_UIApplicationSceneManifest_Generation = YES;
				INFOPLIST_KEY_UIApplicationSupportsIndirectInputEvents = YES;
				INFOPLIST_KEY_UILaunchScreen_Generation = YES;
				INFOPLIST_KEY_UISupportedInterfaceOrientations = UIInterfaceOrientationPortrait;
				INFOPLIST_KEY_UISupportedInterfaceOrientations_iPad = "UIInterfaceOrientationLandscapeLeft UIInterfaceOrientationLandscapeRight UIInterfaceOrientationPortrait UIInterfaceOrientationPortraitUpsideDown";
				IPHONEOS_DEPLOYMENT_TARGET = 16;
				LD_RUNPATH_SEARCH_PATHS = (
					"$(inherited)",
					"@executable_path/Frameworks",
				);
				MARKETING_VERSION = 1.0.0;
				PRODUCT_BUNDLE_IDENTIFIER = "com.movableink.Inkredible-Retail-SwiftUI";
				PRODUCT_NAME = "Inkredible Retail";
				PROVISIONING_PROFILE_SPECIFIER = "";
				SDKROOT = iphoneos;
				SWIFT_EMIT_LOC_STRINGS = YES;
				SWIFT_VERSION = 5.0;
				TARGETED_DEVICE_FAMILY = "1,2";
				VALIDATE_PRODUCT = YES;
			};
			name = Release;
		};
/* End XCBuildConfiguration section */

/* Begin XCConfigurationList section */
		8F41D48428987C4900F095AA /* Build configuration list for PBXProject "Inkredible Retail" */ = {
			isa = XCConfigurationList;
			buildConfigurations = (
				8F41D49C28987C4D00F095AA /* Debug */,
				8F41D49D28987C4D00F095AA /* Release */,
			);
			defaultConfigurationIsVisible = 0;
			defaultConfigurationName = Release;
		};
		8F41D49E28987C4D00F095AA /* Build configuration list for PBXNativeTarget "Inkredible Retail (iOS)" */ = {
			isa = XCConfigurationList;
			buildConfigurations = (
				8F41D49F28987C4D00F095AA /* Debug */,
				8F41D4A028987C4D00F095AA /* Release */,
			);
			defaultConfigurationIsVisible = 0;
			defaultConfigurationName = Release;
		};
/* End XCConfigurationList section */

/* Begin XCRemoteSwiftPackageReference section */
		6B143A002953AE2E003E67E2 /* XCRemoteSwiftPackageReference "ios-sdk" */ = {
			isa = XCRemoteSwiftPackageReference;
			repositoryURL = "https://github.com/movableink/ios-sdk";
			requirement = {
				kind = upToNextMajorVersion;
				minimumVersion = 0.7.0;
			};
		};
/* End XCRemoteSwiftPackageReference section */

/* Begin XCSwiftPackageProductDependency section */
		6B143A012953AE2E003E67E2 /* MovableInk */ = {
			isa = XCSwiftPackageProductDependency;
			package = 6B143A002953AE2E003E67E2 /* XCRemoteSwiftPackageReference "ios-sdk" */;
			productName = MovableInk;
		};
/* End XCSwiftPackageProductDependency section */
	};
	rootObject = 8F41D48128987C4900F095AA /* Project object */;
}
